# This file is autogenerated, do not edit; changes may be undone by the next 'dep ensure'.


[[projects]]
  name = "github.com/fstab/grok_exporter"
  packages = ["tailer"]
  revision = "62d82f874a458953addc654a674680a896a291fc"
  version = "v0.2.5"

[[projects]]
  name = "github.com/gorilla/websocket"
  packages = ["."]
  revision = "ea4d1f681babbce9545c9c5f3d5194a789c89f5b"
  version = "v1.2.0"

[[projects]]
  name = "github.com/oklog/run"
  packages = ["."]
  revision = "4dadeb3030eda0273a12382bb2348ffc7c9d1a39"
  version = "v1.0.0"

[[projects]]
  branch = "master"
  name = "github.com/szabba/assert"
  packages = ["."]
  revision = "8a229384affe0fafd7b75cbccdb4a6f59a77f8b1"

[[projects]]
  branch = "master"
  name = "golang.org/x/exp"
  packages = ["winfsnotify"]
  revision = "14dda7b62fcdb381624aaca63b04df07203856d4"

[solve-meta]
  analyzer-name = "dep"
  analyzer-version = 1
  inputs-digest = "e6bae9291e619b7320b10206e457659745ce0a8aaeb8979392ae254d06320cca"
  solver-name = "gps-cdcl"
  solver-version = 1
